{
  "nodes": {
    "flake-utils": {
      "inputs": {
        "systems": "systems"
      },
      "locked": {
        "lastModified": 1681202837,
        "narHash": "sha256-H+Rh19JDwRtpVPAWp64F+rlEtxUWBAQW28eAi3SRSzg=",
        "owner": "numtide",
        "repo": "flake-utils",
        "rev": "cfacdce06f30d2b68473a46042957675eebb3401",
        "type": "github"
      },
      "original": {
        "id": "flake-utils",
        "type": "indirect"
      }
    },
    "fstar": {
      "inputs": {
        "flake-utils": "flake-utils",
        "nixpkgs": "nixpkgs"
      },
      "locked": {
        "lastModified": 1686084488,
        "narHash": "sha256-KySF5oVhcS7JqXJHrH4Rfib4dzwA7XSy5PyJb3vFbP8=",
        "owner": "fstarlang",
        "repo": "fstar",
        "rev": "17f2353235e3ce183d3dd59793a323b057233385",
        "type": "github"
      },
      "original": {
        "owner": "fstarlang",
        "repo": "fstar",
        "type": "github"
      }
    },
    "karamel": {
      "inputs": {
        "flake-utils": [
          "flake-utils"
        ],
        "fstar": [
          "fstar"
        ],
        "nixpkgs": [
          "nixpkgs"
        ]
      },
      "locked": {
        "lastModified": 1684957418,
        "narHash": "sha256-opm3T3Pn2ts4wtZ8Jciof18bzZorfsqJQw6nj+vdp8w=",
        "owner": "fstarlang",
        "repo": "karamel",
        "rev": "2cf2974007f4103dba5619e4eb9e3eaeefad533b",
        "type": "github"
      },
      "original": {
        "owner": "fstarlang",
        "repo": "karamel",
        "type": "github"
      }
    },
    "nixpkgs": {
      "locked": {
        "lastModified": 1684385584,
        "narHash": "sha256-O7y0gK8OLIDqz+LaHJJyeu09IGiXlZIS3+JgEzGmmJA=",
        "owner": "NixOS",
        "repo": "nixpkgs",
        "rev": "48a0fb7aab511df92a17cf239c37f2bd2ec9ae3a",
        "type": "github"
      },
      "original": {
        "id": "nixpkgs",
        "ref": "nixos-unstable",
        "type": "indirect"
      }
    },
    "root": {
      "inputs": {
        "flake-utils": [
          "fstar",
          "flake-utils"
        ],
        "fstar": "fstar",
        "karamel": "karamel",
        "nixpkgs": [
          "fstar",
          "nixpkgs"
        ]
      }
    },
    "systems": {
      "locked": {
        "lastModified": 1681028828,
        "narHash": "sha256-Vy1rq5AaRuLzOxct8nz4T6wlgyUR7zLU309k9mBC768=",
        "owner": "nix-systems",
        "repo": "default",
        "rev": "da67096a3b9bf56a91d16901293e51ba5b49a27e",
        "type": "github"
      },
      "original": {
        "owner": "nix-systems",
        "repo": "default",
        "type": "github"
      }
    }
  },
  "root": "root",
  "version": 7
}
