{
  "nodes": {
    "flake-utils": {
      "locked": {
        "lastModified": 1667395993,
        "narHash": "sha256-nuEHfE/LcWyuSWnS8t12N1wc105Qtau+/OdUAjtQ0rA=",
        "owner": "numtide",
        "repo": "flake-utils",
        "rev": "5aed5285a952e0b949eb3ba02c12fa4fcfef535f",
        "type": "github"
      },
      "original": {
        "id": "flake-utils",
        "type": "indirect"
      }
    },
    "fstar-src": {
      "flake": false,
      "locked": {
        "lastModified": 1671083994,
        "narHash": "sha256-gRmX7q3Yfs7u2LsGv3ULiszFta6C91zA7SbFzpnaLKI=",
        "owner": "fstarlang",
        "repo": "fstar",
        "rev": "9310344fa634db700ef2317ca77c4c21004a8c3f",
        "type": "github"
      },
      "original": {
        "owner": "fstarlang",
        "repo": "fstar",
        "type": "github"
      }
    },
    "hacl": {
      "inputs": {
        "flake-utils": [
          "hacl-nix",
          "flake-utils"
        ],
        "fstar-src": [
          "hacl-nix",
          "fstar-src"
        ],
        "hacl-nix": [
          "hacl-nix"
        ],
        "karamel-src": [
          "hacl-nix",
          "karamel-src"
        ],
        "nixpkgs": [
          "hacl-nix",
          "nixpkgs"
        ]
      },
      "locked": {
        "lastModified": 1671050251,
        "narHash": "sha256-pqDCG8bh8fOvPFsf12WEJJLW/rUGRggn8lY52jUrtN8=",
        "owner": "hacl-star",
        "repo": "hacl-star",
        "rev": "a6fd34d54007737ade0f7944d0cbccc7f172a6a9",
        "type": "github"
      },
      "original": {
        "owner": "hacl-star",
        "repo": "hacl-star",
        "type": "github"
      }
    },
    "hacl-nix": {
      "inputs": {
        "flake-utils": "flake-utils",
        "fstar-src": [
          "fstar-src"
        ],
        "hacl": "hacl",
        "karamel-src": [
          "karamel-src"
        ],
        "nixpkgs": "nixpkgs"
      },
      "locked": {
        "lastModified": 1671102034,
        "narHash": "sha256-xXVFSXC4Jtq+q/17X6zFtCxuKRUK/++wEoXStBbHi4U=",
        "owner": "hacl-star",
        "repo": "hacl-nix",
        "rev": "7c446259548fffd64711c1ceb3646796eb0ba876",
        "type": "github"
      },
      "original": {
        "owner": "hacl-star",
        "repo": "hacl-nix",
        "type": "github"
      }
    },
    "karamel-src": {
      "flake": false,
      "locked": {
        "lastModified": 1671062673,
        "narHash": "sha256-mOeBkixZgkFcmd1Z5mPp1ec/dHHqjvNTV42kSHS1wv8=",
        "owner": "fstarlang",
        "repo": "karamel",
        "rev": "bf99bf6f0361e932797422ecdfb714753ba54ea0",
        "type": "github"
      },
      "original": {
        "owner": "fstarlang",
        "repo": "karamel",
        "type": "github"
      }
    },
    "nixpkgs": {
      "locked": {
        "lastModified": 1669140675,
        "narHash": "sha256-npzfyfLECsJWgzK/M4gWhykP2DNAJTYjgY2BWkz/oEQ=",
        "owner": "NixOS",
        "repo": "nixpkgs",
        "rev": "2788904d26dda6cfa1921c5abb7a2466ffe3cb8c",
        "type": "github"
      },
      "original": {
        "id": "nixpkgs",
        "ref": "nixos-unstable",
        "type": "indirect"
      }
    },
    "root": {
      "inputs": {
        "flake-utils": [
          "hacl-nix",
          "flake-utils"
        ],
        "fstar-src": "fstar-src",
        "hacl-nix": "hacl-nix",
        "karamel-src": "karamel-src",
        "nixpkgs": [
          "hacl-nix",
          "nixpkgs"
        ]
      }
    }
  },
  "root": "root",
  "version": 7
}
