<?xml version="1.0" encoding="utf-8"?><Project ToolsVersion="4.0" xmlns="http://schemas.microsoft.com/developer/msbuild/2003">
<ItemGroup><Filter Include="Source"></Filter><Filter Include="Source\framework\driver"></Filter><Filter Include="Source\framework"></Filter><Filter Include="Source\framework\driver\x86"></Filter><Filter Include="Source\app\extensions\chacha"></Filter><Filter Include="Source\app\extensions"></Filter><Filter Include="Source\app"></Filter><Filter Include="Source\app\include"></Filter><Filter Include="Source\framework\include"></Filter></ItemGroup>
<ItemGroup><ClHeader Include="..\framework\driver\gcc_driver.inc"><Filter>Source\framework\driver</Filter></ClHeader><ClHeader Include="..\framework\driver\yasm_driver.inc"><Filter>Source\framework\driver</Filter></ClHeader><ClCompile Include="..\framework\driver\cpuid.c"><Filter>Source\framework\driver</Filter></ClCompile><ClCompile Include="..\framework\driver\cpucycles.c"><Filter>Source\framework\driver</Filter></ClCompile><ClHeader Include="..\framework\driver\x86\gcc.inc"><Filter>Source\framework\driver\x86</Filter></ClHeader><ClHeader Include="..\framework\driver\x86\cpucycles_impl.inc"><Filter>Source\framework\driver\x86</Filter></ClHeader><ClHeader Include="..\framework\driver\x86\yasm.inc"><Filter>Source\framework\driver\x86</Filter></ClHeader><CustomBuild Include="..\framework\driver\x86\driver.S"><Filter>Source\framework\driver\x86</Filter></CustomBuild><ClHeader Include="..\framework\driver\x86\cpuid_impl.inc"><Filter>Source\framework\driver\x86</Filter></ClHeader><ClHeader Include="..\framework\driver\x86\cpuid_flags.inc"><Filter>Source\framework\driver\x86</Filter></ClHeader></ItemGroup>
<ItemGroup><ClHeader Include="..\app\extensions\chacha\chacha_constants_x86.inc"><Filter>Source\app\extensions\chacha</Filter></ClHeader><ClHeader Include="..\app\extensions\chacha\chacha_x86-32.inc"><Filter>Source\app\extensions\chacha</Filter></ClHeader><ClHeader Include="..\app\extensions\chacha\chacha_avx-64.inc"><Filter>Source\app\extensions\chacha</Filter></ClHeader><ClHeader Include="..\app\extensions\chacha\chacha_sse2-64.inc"><Filter>Source\app\extensions\chacha</Filter></ClHeader><CustomBuild Include="..\app\extensions\chacha\chacha.S"><Filter>Source\app\extensions\chacha</Filter></CustomBuild><ClHeader Include="..\app\extensions\chacha\chacha_x86-64.inc"><Filter>Source\app\extensions\chacha</Filter></ClHeader><ClHeader Include="..\app\extensions\chacha\chacha_avx2-32.inc"><Filter>Source\app\extensions\chacha</Filter></ClHeader><ClCompile Include="..\app\extensions\chacha\impl.c"><Filter>Source\app\extensions\chacha</Filter></ClCompile><ClHeader Include="..\app\extensions\chacha\chacha_ref.inc"><Filter>Source\app\extensions\chacha</Filter></ClHeader><ClHeader Include="..\app\extensions\chacha\chacha_ssse3-32.inc"><Filter>Source\app\extensions\chacha</Filter></ClHeader><ClHeader Include="..\app\extensions\chacha\chacha_avx2-64.inc"><Filter>Source\app\extensions\chacha</Filter></ClHeader><ClHeader Include="..\app\extensions\chacha\chacha_xop-32.inc"><Filter>Source\app\extensions\chacha</Filter></ClHeader><ClHeader Include="..\app\extensions\chacha\chacha_sse2-32.inc"><Filter>Source\app\extensions\chacha</Filter></ClHeader><ClHeader Include="..\app\extensions\chacha\chacha_ssse3-64.inc"><Filter>Source\app\extensions\chacha</Filter></ClHeader><ClHeader Include="..\app\extensions\chacha\chacha_xop-64.inc"><Filter>Source\app\extensions\chacha</Filter></ClHeader><ClHeader Include="..\app\extensions\chacha\chacha_avx-32.inc"><Filter>Source\app\extensions\chacha</Filter></ClHeader></ItemGroup>
<ItemGroup><ClHeader Include="..\app\include\chacha.h"><Filter>Source\app\include</Filter></ClHeader><ClHeader Include="..\framework\include\cpucycles.h"><Filter>Source\framework\include</Filter></ClHeader><ClHeader Include="..\framework\include\bench.h"><Filter>Source\framework\include</Filter></ClHeader><ClHeader Include="..\framework\include\fuzz.h"><Filter>Source\framework\include</Filter></ClHeader><ClHeader Include="..\framework\include\cpuid.h"><Filter>Source\framework\include</Filter></ClHeader></ItemGroup>
<ItemGroup><ClCompile Include="..\framework\main_shared.c"><Filter>Source\framework</Filter></ClCompile></ItemGroup>
</Project>
